{
    "_readme": [
        "This file locks the dependencies of your project to a known state",
        "Read more about it at https://getcomposer.org/doc/01-basic-usage.md#installing-dependencies",
        "This file is @generated automatically"
    ],
    "content-hash": "d4ef747ff7ab78d0759b633c357d12bd",
    "packages": [
        {
            "name": "psr/log",
            "version": "dev-master",
            "source": {
                "type": "git",
                "url": "https://github.com/php-fig/log.git",
                "reference": "f16e1d5863e37f8d8c2a01719f5b34baa2b714d3"
            },
            "dist": {
                "type": "zip",
                "url": "https://api.github.com/repos/php-fig/log/zipball/f16e1d5863e37f8d8c2a01719f5b34baa2b714d3",
                "reference": "f16e1d5863e37f8d8c2a01719f5b34baa2b714d3",
                "shasum": ""
            },
            "require": {
                "php": ">=8.0.0"
            },
            "default-branch": true,
            "type": "library",
            "extra": {
                "branch-alias": {
                    "dev-master": "3.x-dev"
                }
            },
            "autoload": {
                "psr-4": {
                    "Psr\\Log\\": "src"
                }
            },
            "notification-url": "https://packagist.org/downloads/",
            "license": [
                "MIT"
            ],
            "authors": [
                {
                    "name": "PHP-FIG",
                    "homepage": "https://www.php-fig.org/"
                }
            ],
            "description": "Common interface for logging libraries",
            "homepage": "https://github.com/php-fig/log",
            "keywords": [
                "log",
                "psr",
                "psr-3"
            ],
            "support": {
                "source": "https://github.com/php-fig/log/tree/3.0.2"
            },
            "time": "2024-09-11T13:17:53+00:00"
        },
        {
            "name": "symfony/lock",
            "version": "7.2.x-dev",
            "source": {
                "type": "git",
                "url": "https://github.com/symfony/lock.git",
                "reference": "332bd90414d6799e441e125ccbc38e08ab7e1741"
            },
            "dist": {
                "type": "zip",
                "url": "https://api.github.com/repos/symfony/lock/zipball/332bd90414d6799e441e125ccbc38e08ab7e1741",
                "reference": "332bd90414d6799e441e125ccbc38e08ab7e1741",
                "shasum": ""
            },
            "require": {
                "php": ">=8.2",
                "psr/log": "^1|^2|^3"
            },
            "conflict": {
                "doctrine/dbal": "<3.6",
                "symfony/cache": "<6.4"
            },
            "require-dev": {
                "doctrine/dbal": "^3.6|^4",
                "predis/predis": "^1.1|^2.0"
            },
            "type": "library",
            "autoload": {
                "psr-4": {
                    "Symfony\\Component\\Lock\\": ""
                },
                "exclude-from-classmap": [
                    "/Tests/"
                ]
            },
            "notification-url": "https://packagist.org/downloads/",
            "license": [
                "MIT"
            ],
            "authors": [
                {
                    "name": "Jérémy Derussé",
                    "email": "jeremy@derusse.com"
                },
                {
                    "name": "Symfony Community",
                    "homepage": "https://symfony.com/contributors"
                }
            ],
            "description": "Creates and manages locks, a mechanism to provide exclusive access to a shared resource",
            "homepage": "https://symfony.com",
            "keywords": [
                "cas",
                "flock",
                "locking",
                "mutex",
                "redlock",
                "semaphore"
            ],
            "support": {
                "source": "https://github.com/symfony/lock/tree/7.2"
            },
            "funding": [
                {
                    "url": "https://symfony.com/sponsor",
                    "type": "custom"
                },
                {
                    "url": "https://github.com/fabpot",
                    "type": "github"
                },
                {
                    "url": "https://tidelift.com/funding/github/packagist/symfony/symfony",
                    "type": "tidelift"
                }
            ],
            "time": "2024-10-10T10:49:40+00:00"
        }
    ],
    "packages-dev": [],
    "aliases": [],
    "minimum-stability": "dev",
    "stability-flags": [],
    "prefer-stable": false,
    "prefer-lowest": false,
    "platform": [],
    "platform-dev": [],
    "plugin-api-version": "2.6.0"
}
